
Microsoft Visual Studio Solution File, Format Version 12.00
# Visual Studio 15
VisualStudioVersion = 15.0.28010.2003
MinimumVisualStudioVersion = 10.0.40219.1
Project("{FAE04EC0-301F-11D3-BF4B-00C04F79EFBC}") = "DependencyInjection", "DependencyInjection\DependencyInjection.csproj", "{64299D00-051C-4D39-9262-6981785D7ADC}"
EndProject
Project("{FAE04EC0-301F-11D3-BF4B-00C04F79EFBC}") = "UnitTestProject1", "UnitTestProject1\UnitTestProject1.csproj", "{8864E0C4-7FA4-493E-A93F-1269234ACD6D}"
EndProject
Global
	GlobalSection(SolutionConfigurationPlatforms) = preSolution
		Debug|Any CPU = Debug|Any CPU
		Release|Any CPU = Release|Any CPU
	EndGlobalSection
	GlobalSection(ProjectConfigurationPlatforms) = postSolution
		{64299D00-051C-4D39-9262-6981785D7ADC}.Debug|Any CPU.ActiveCfg = Debug|Any CPU
		{64299D00-051C-4D39-9262-6981785D7ADC}.Debug|Any CPU.Build.0 = Debug|Any CPU
		{64299D00-051C-4D39-9262-6981785D7ADC}.Release|Any CPU.ActiveCfg = Release|Any CPU
		{64299D00-051C-4D39-9262-6981785D7ADC}.Release|Any CPU.Build.0 = Release|Any CPU
		{8864E0C4-7FA4-493E-A93F-1269234ACD6D}.Debug|Any CPU.ActiveCfg = Debug|Any CPU
		{8864E0C4-7FA4-493E-A93F-1269234ACD6D}.Debug|Any CPU.Build.0 = Debug|Any CPU
		{8864E0C4-7FA4-493E-A93F-1269234ACD6D}.Release|Any CPU.ActiveCfg = Release|Any CPU
		{8864E0C4-7FA4-493E-A93F-1269234ACD6D}.Release|Any CPU.Build.0 = Release|Any CPU
	EndGlobalSection
	GlobalSection(SolutionProperties) = preSolution
		HideSolutionNode = FALSE
	EndGlobalSection
	GlobalSection(ExtensibilityGlobals) = postSolution
		SolutionGuid = {1EFCD08C-F9A9-43F7-8D0A-43893B771B8C}
	EndGlobalSection
EndGlobal
